
Microsoft Visual Studio Solution File, Format Version 11.00
# Visual Studio 2010
Project("{FAE04EC0-301F-11D3-BF4B-00C04F79EFBC}") = "ARPoster", "Assembly-CSharp.csproj", "{EE5E6182-0CF4-7107-3A54-64AC70023DC9}"
EndProject
Project("{FAE04EC0-301F-11D3-BF4B-00C04F79EFBC}") = "ARPoster", "Assembly-CSharp-Editor.csproj", "{2B9C5A07-5865-CF40-4A25-09FFF4AA2B0D}"
EndProject
Global
	GlobalSection(SolutionConfigurationPlatforms) = preSolution
		Debug|Any CPU = Debug|Any CPU
		Release|Any CPU = Release|Any CPU
	EndGlobalSection
	GlobalSection(ProjectConfigurationPlatforms) = postSolution
		{EE5E6182-0CF4-7107-3A54-64AC70023DC9}.Debug|Any CPU.ActiveCfg = Debug|Any CPU
		{EE5E6182-0CF4-7107-3A54-64AC70023DC9}.Debug|Any CPU.Build.0 = Debug|Any CPU
		{EE5E6182-0CF4-7107-3A54-64AC70023DC9}.Release|Any CPU.ActiveCfg = Release|Any CPU
		{EE5E6182-0CF4-7107-3A54-64AC70023DC9}.Release|Any CPU.Build.0 = Release|Any CPU
		{2B9C5A07-5865-CF40-4A25-09FFF4AA2B0D}.Debug|Any CPU.ActiveCfg = Debug|Any CPU
		{2B9C5A07-5865-CF40-4A25-09FFF4AA2B0D}.Debug|Any CPU.Build.0 = Debug|Any CPU
		{2B9C5A07-5865-CF40-4A25-09FFF4AA2B0D}.Release|Any CPU.ActiveCfg = Release|Any CPU
		{2B9C5A07-5865-CF40-4A25-09FFF4AA2B0D}.Release|Any CPU.Build.0 = Release|Any CPU
	EndGlobalSection
	GlobalSection(SolutionProperties) = preSolution
		HideSolutionNode = FALSE
	EndGlobalSection
	GlobalSection(MonoDevelopProperties) = preSolution
		StartupItem = Assembly-CSharp.csproj
	EndGlobalSection
EndGlobal
